
Microsoft Visual Studio Solution File, Format Version 12.00
# Visual Studio Version 17
VisualStudioVersion = 17.8.34330.188
MinimumVisualStudioVersion = 10.0.40219.1
Project("{8BC9CEB8-8B4A-11D0-8D11-00A0C91BC942}") = "Sandbox", "Sandbox\Sandbox.vcxproj", "{EFE8A984-22B4-4FF5-BBFC-B6B8C13A02BF}"
EndProject
Project("{8BC9CEB8-8B4A-11D0-8D11-00A0C91BC942}") = "Blink", "Blink\Blink.vcxproj", "{B89E916F-8439-4015-8235-6F542C031DF7}"
EndProject
Global
	GlobalSection(SolutionConfigurationPlatforms) = preSolution
		Debug|x64 = Debug|x64
		Release|x64 = Release|x64
	EndGlobalSection
	GlobalSection(ProjectConfigurationPlatforms) = postSolution
		{B89E916F-8439-4015-8235-6F542C031DF7}.Debug|x64.ActiveCfg = Debug|x64
		{B89E916F-8439-4015-8235-6F542C031DF7}.Debug|x64.Build.0 = Debug|x64
		{B89E916F-8439-4015-8235-6F542C031DF7}.Release|x64.ActiveCfg = Release|x64
		{B89E916F-8439-4015-8235-6F542C031DF7}.Release|x64.Build.0 = Release|x64
		{EFE8A984-22B4-4FF5-BBFC-B6B8C13A02BF}.Debug|x64.ActiveCfg = Debug|x64
		{EFE8A984-22B4-4FF5-BBFC-B6B8C13A02BF}.Debug|x64.Build.0 = Debug|x64
		{EFE8A984-22B4-4FF5-BBFC-B6B8C13A02BF}.Release|x64.ActiveCfg = Release|x64
		{EFE8A984-22B4-4FF5-BBFC-B6B8C13A02BF}.Release|x64.Build.0 = Release|x64
	EndGlobalSection
	GlobalSection(SolutionProperties) = preSolution
		HideSolutionNode = FALSE
	EndGlobalSection
	GlobalSection(ExtensibilityGlobals) = postSolution
		SolutionGuid = {0A1BDF19-CDF9-4FB6-B690-023C4C2FA3EA}
	EndGlobalSection
EndGlobal
